// !$*UTF8*$!
{
	archiveVersion = 1;
	classes = {
	};
	objectVersion = 46;
	objects = {

/* Begin PBXBuildFile section */
		866E30331B373CFF00E1574C /* MessageTableViewCell.swift in Sources */ = {isa = PBXBuildFile; fileRef = 866E30321B373CFF00E1574C /* MessageTableViewCell.swift */; };
		8677762A1B36FF6F003D9E05 /* AppDelegate.swift in Sources */ = {isa = PBXBuildFile; fileRef = 867776291B36FF6F003D9E05 /* AppDelegate.swift */; };
		8677762C1B36FF6F003D9E05 /* ViewController.swift in Sources */ = {isa = PBXBuildFile; fileRef = 8677762B1B36FF6F003D9E05 /* ViewController.swift */; };
		8677762F1B36FF6F003D9E05 /* Main.storyboard in Resources */ = {isa = PBXBuildFile; fileRef = 8677762D1B36FF6F003D9E05 /* Main.storyboard */; };
		867776311B36FF6F003D9E05 /* Images.xcassets in Resources */ = {isa = PBXBuildFile; fileRef = 867776301B36FF6F003D9E05 /* Images.xcassets */; };
		867776341B36FF6F003D9E05 /* LaunchScreen.xib in Resources */ = {isa = PBXBuildFile; fileRef = 867776321B36FF6F003D9E05 /* LaunchScreen.xib */; };
		867776401B36FF6F003D9E05 /* MultiChatTests.swift in Sources */ = {isa = PBXBuildFile; fileRef = 8677763F1B36FF6F003D9E05 /* MultiChatTests.swift */; };
		8677764C1B370428003D9E05 /* SessionManager.swift in Sources */ = {isa = PBXBuildFile; fileRef = 8677764B1B370428003D9E05 /* SessionManager.swift */; };
/* End PBXBuildFile section */

/* Begin PBXContainerItemProxy section */
		8677763A1B36FF6F003D9E05 /* PBXContainerItemProxy */ = {
			isa = PBXContainerItemProxy;
			containerPortal = 8677761C1B36FF6F003D9E05 /* Project object */;
			proxyType = 1;
			remoteGlobalIDString = 867776231B36FF6F003D9E05;
			remoteInfo = MultiChat;
		};
/* End PBXContainerItemProxy section */

/* Begin PBXFileReference section */
		866E30321B373CFF00E1574C /* MessageTableViewCell.swift */ = {isa = PBXFileReference; fileEncoding = 4; lastKnownFileType = sourcecode.swift; path = MessageTableViewCell.swift; sourceTree = "<group>"; };
		867776241B36FF6F003D9E05 /* MultiChat.app */ = {isa = PBXFileReference; explicitFileType = wrapper.application; includeInIndex = 0; path = MultiChat.app; sourceTree = BUILT_PRODUCTS_DIR; };
		867776281B36FF6F003D9E05 /* Info.plist */ = {isa = PBXFileReference; lastKnownFileType = text.plist.xml; path = Info.plist; sourceTree = "<group>"; };
		867776291B36FF6F003D9E05 /* AppDelegate.swift */ = {isa = PBXFileReference; lastKnownFileType = sourcecode.swift; path = AppDelegate.swift; sourceTree = "<group>"; };
		8677762B1B36FF6F003D9E05 /* ViewController.swift */ = {isa = PBXFileReference; lastKnownFileType = sourcecode.swift; path = ViewController.swift; sourceTree = "<group>"; };
		8677762E1B36FF6F003D9E05 /* Base */ = {isa = PBXFileReference; lastKnownFileType = file.storyboard; name = Base; path = Base.lproj/Main.storyboard; sourceTree = "<group>"; };
		867776301B36FF6F003D9E05 /* Images.xcassets */ = {isa = PBXFileReference; lastKnownFileType = folder.assetcatalog; path = Images.xcassets; sourceTree = "<group>"; };
		867776331B36FF6F003D9E05 /* Base */ = {isa = PBXFileReference; lastKnownFileType = file.xib; name = Base; path = Base.lproj/LaunchScreen.xib; sourceTree = "<group>"; };
		867776391B36FF6F003D9E05 /* MultiChatTests.xctest */ = {isa = PBXFileReference; explicitFileType = wrapper.cfbundle; includeInIndex = 0; path = MultiChatTests.xctest; sourceTree = BUILT_PRODUCTS_DIR; };
		8677763E1B36FF6F003D9E05 /* Info.plist */ = {isa = PBXFileReference; lastKnownFileType = text.plist.xml; path = Info.plist; sourceTree = "<group>"; };
		8677763F1B36FF6F003D9E05 /* MultiChatTests.swift */ = {isa = PBXFileReference; lastKnownFileType = sourcecode.swift; path = MultiChatTests.swift; sourceTree = "<group>"; };
		8677764B1B370428003D9E05 /* SessionManager.swift */ = {isa = PBXFileReference; fileEncoding = 4; lastKnownFileType = sourcecode.swift; path = SessionManager.swift; sourceTree = "<group>"; };
/* End PBXFileReference section */

/* Begin PBXFrameworksBuildPhase section */
		867776211B36FF6F003D9E05 /* Frameworks */ = {
			isa = PBXFrameworksBuildPhase;
			buildActionMask = 2147483647;
			files = (
			);
			runOnlyForDeploymentPostprocessing = 0;
		};
		867776361B36FF6F003D9E05 /* Frameworks */ = {
			isa = PBXFrameworksBuildPhase;
			buildActionMask = 2147483647;
			files = (
			);
			runOnlyForDeploymentPostprocessing = 0;
		};
/* End PBXFrameworksBuildPhase section */

/* Begin PBXGroup section */
		8677761B1B36FF6F003D9E05 = {
			isa = PBXGroup;
			children = (
				867776261B36FF6F003D9E05 /* MultiChat */,
				8677763C1B36FF6F003D9E05 /* MultiChatTests */,
				867776251B36FF6F003D9E05 /* Products */,
			);
			sourceTree = "<group>";
		};
		867776251B36FF6F003D9E05 /* Products */ = {
			isa = PBXGroup;
			children = (
				867776241B36FF6F003D9E05 /* MultiChat.app */,
				867776391B36FF6F003D9E05 /* MultiChatTests.xctest */,
			);
			name = Products;
			sourceTree = "<group>";
		};
		867776261B36FF6F003D9E05 /* MultiChat */ = {
			isa = PBXGroup;
			children = (
				8677764B1B370428003D9E05 /* SessionManager.swift */,
				866E30321B373CFF00E1574C /* MessageTableViewCell.swift */,
				867776291B36FF6F003D9E05 /* AppDelegate.swift */,
				8677762B1B36FF6F003D9E05 /* ViewController.swift */,
				8677762D1B36FF6F003D9E05 /* Main.storyboard */,
				867776301B36FF6F003D9E05 /* Images.xcassets */,
				867776321B36FF6F003D9E05 /* LaunchScreen.xib */,
				867776271B36FF6F003D9E05 /* Supporting Files */,
			);
			path = MultiChat;
			sourceTree = "<group>";
		};
		867776271B36FF6F003D9E05 /* Supporting Files */ = {
			isa = PBXGroup;
			children = (
				867776281B36FF6F003D9E05 /* Info.plist */,
			);
			name = "Supporting Files";
			sourceTree = "<group>";
		};
		8677763C1B36FF6F003D9E05 /* MultiChatTests */ = {
			isa = PBXGroup;
			children = (
				8677763F1B36FF6F003D9E05 /* MultiChatTests.swift */,
				8677763D1B36FF6F003D9E05 /* Supporting Files */,
			);
			path = MultiChatTests;
			sourceTree = "<group>";
		};
		8677763D1B36FF6F003D9E05 /* Supporting Files */ = {
			isa = PBXGroup;
			children = (
				8677763E1B36FF6F003D9E05 /* Info.plist */,
			);
			name = "Supporting Files";
			sourceTree = "<group>";
		};
/* End PBXGroup section */

/* Begin PBXNativeTarget section */
		867776231B36FF6F003D9E05 /* MultiChat */ = {
			isa = PBXNativeTarget;
			buildConfigurationList = 867776431B36FF6F003D9E05 /* Build configuration list for PBXNativeTarget "MultiChat" */;
			buildPhases = (
				867776201B36FF6F003D9E05 /* Sources */,
				867776211B36FF6F003D9E05 /* Frameworks */,
				867776221B36FF6F003D9E05 /* Resources */,
			);
			buildRules = (
			);
			dependencies = (
			);
			name = MultiChat;
			productName = MultiChat;
			productReference = 867776241B36FF6F003D9E05 /* MultiChat.app */;
			productType = "com.apple.product-type.application";
		};
		867776381B36FF6F003D9E05 /* MultiChatTests */ = {
			isa = PBXNativeTarget;
			buildConfigurationList = 867776461B36FF6F003D9E05 /* Build configuration list for PBXNativeTarget "MultiChatTests" */;
			buildPhases = (
				867776351B36FF6F003D9E05 /* Sources */,
				867776361B36FF6F003D9E05 /* Frameworks */,
				867776371B36FF6F003D9E05 /* Resources */,
			);
			buildRules = (
			);
			dependencies = (
				8677763B1B36FF6F003D9E05 /* PBXTargetDependency */,
			);
			name = MultiChatTests;
			productName = MultiChatTests;
			productReference = 867776391B36FF6F003D9E05 /* MultiChatTests.xctest */;
			productType = "com.apple.product-type.bundle.unit-test";
		};
/* End PBXNativeTarget section */

/* Begin PBXProject section */
		8677761C1B36FF6F003D9E05 /* Project object */ = {
			isa = PBXProject;
			attributes = {
				LastSwiftUpdateCheck = 0700;
				LastUpgradeCheck = 0630;
				ORGANIZATIONNAME = WeddingWire;
				TargetAttributes = {
					867776231B36FF6F003D9E05 = {
						CreatedOnToolsVersion = 6.3.2;
					};
					867776381B36FF6F003D9E05 = {
						CreatedOnToolsVersion = 6.3.2;
						TestTargetID = 867776231B36FF6F003D9E05;
					};
				};
			};
			buildConfigurationList = 8677761F1B36FF6F003D9E05 /* Build configuration list for PBXProject "MultiChat" */;
			compatibilityVersion = "Xcode 3.2";
			developmentRegion = English;
			hasScannedForEncodings = 0;
			knownRegions = (
				en,
				Base,
			);
			mainGroup = 8677761B1B36FF6F003D9E05;
			productRefGroup = 867776251B36FF6F003D9E05 /* Products */;
			projectDirPath = "";
			projectRoot = "";
			targets = (
				867776231B36FF6F003D9E05 /* MultiChat */,
				867776381B36FF6F003D9E05 /* MultiChatTests */,
			);
		};
/* End PBXProject section */

/* Begin PBXResourcesBuildPhase section */
		867776221B36FF6F003D9E05 /* Resources */ = {
			isa = PBXResourcesBuildPhase;
			buildActionMask = 2147483647;
			files = (
				8677762F1B36FF6F003D9E05 /* Main.storyboard in Resources */,
				867776341B36FF6F003D9E05 /* LaunchScreen.xib in Resources */,
				867776311B36FF6F003D9E05 /* Images.xcassets in Resources */,
			);
			runOnlyForDeploymentPostprocessing = 0;
		};
		867776371B36FF6F003D9E05 /* Resources */ = {
			isa = PBXResourcesBuildPhase;
			buildActionMask = 2147483647;
			files = (
			);
			runOnlyForDeploymentPostprocessing = 0;
		};
/* End PBXResourcesBuildPhase section */

/* Begin PBXSourcesBuildPhase section */
		867776201B36FF6F003D9E05 /* Sources */ = {
			isa = PBXSourcesBuildPhase;
			buildActionMask = 2147483647;
			files = (
				8677764C1B370428003D9E05 /* SessionManager.swift in Sources */,
				866E30331B373CFF00E1574C /* MessageTableViewCell.swift in Sources */,
				8677762C1B36FF6F003D9E05 /* ViewController.swift in Sources */,
				8677762A1B36FF6F003D9E05 /* AppDelegate.swift in Sources */,
			);
			runOnlyForDeploymentPostprocessing = 0;
		};
		867776351B36FF6F003D9E05 /* Sources */ = {
			isa = PBXSourcesBuildPhase;
			buildActionMask = 2147483647;
			files = (
				867776401B36FF6F003D9E05 /* MultiChatTests.swift in Sources */,
			);
			runOnlyForDeploymentPostprocessing = 0;
		};
/* End PBXSourcesBuildPhase section */

/* Begin PBXTargetDependency section */
		8677763B1B36FF6F003D9E05 /* PBXTargetDependency */ = {
			isa = PBXTargetDependency;
			target = 867776231B36FF6F003D9E05 /* MultiChat */;
			targetProxy = 8677763A1B36FF6F003D9E05 /* PBXContainerItemProxy */;
		};
/* End PBXTargetDependency section */

/* Begin PBXVariantGroup section */
		8677762D1B36FF6F003D9E05 /* Main.storyboard */ = {
			isa = PBXVariantGroup;
			children = (
				8677762E1B36FF6F003D9E05 /* Base */,
			);
			name = Main.storyboard;
			sourceTree = "<group>";
		};
		867776321B36FF6F003D9E05 /* LaunchScreen.xib */ = {
			isa = PBXVariantGroup;
			children = (
				867776331B36FF6F003D9E05 /* Base */,
			);
			name = LaunchScreen.xib;
			sourceTree = "<group>";
		};
/* End PBXVariantGroup section */

/* Begin XCBuildConfiguration section */
		867776411B36FF6F003D9E05 /* Debug */ = {
			isa = XCBuildConfiguration;
			buildSettings = {
				ALWAYS_SEARCH_USER_PATHS = NO;
				CLANG_CXX_LANGUAGE_STANDARD = "gnu++0x";
				CLANG_CXX_LIBRARY = "libc++";
				CLANG_ENABLE_MODULES = YES;
				CLANG_ENABLE_OBJC_ARC = YES;
				CLANG_WARN_BOOL_CONVERSION = YES;
				CLANG_WARN_CONSTANT_CONVERSION = YES;
				CLANG_WARN_DIRECT_OBJC_ISA_USAGE = YES_ERROR;
				CLANG_WARN_EMPTY_BODY = YES;
				CLANG_WARN_ENUM_CONVERSION = YES;
				CLANG_WARN_INT_CONVERSION = YES;
				CLANG_WARN_OBJC_ROOT_CLASS = YES_ERROR;
				CLANG_WARN_UNREACHABLE_CODE = YES;
				CLANG_WARN__DUPLICATE_METHOD_MATCH = YES;
				"CODE_SIGN_IDENTITY[sdk=iphoneos*]" = "iPhone Developer";
				COPY_PHASE_STRIP = NO;
				DEBUG_INFORMATION_FORMAT = "dwarf-with-dsym";
				ENABLE_STRICT_OBJC_MSGSEND = YES;
				GCC_C_LANGUAGE_STANDARD = gnu99;
				GCC_DYNAMIC_NO_PIC = NO;
				GCC_NO_COMMON_BLOCKS = YES;
				GCC_OPTIMIZATION_LEVEL = 0;
				GCC_PREPROCESSOR_DEFINITIONS = (
					"DEBUG=1",
					"$(inherited)",
				);
				GCC_SYMBOLS_PRIVATE_EXTERN = NO;
				GCC_WARN_64_TO_32_BIT_CONVERSION = YES;
				GCC_WARN_ABOUT_RETURN_TYPE = YES_ERROR;
				GCC_WARN_UNDECLARED_SELECTOR = YES;
				GCC_WARN_UNINITIALIZED_AUTOS = YES_AGGRESSIVE;
				GCC_WARN_UNUSED_FUNCTION = YES;
				GCC_WARN_UNUSED_VARIABLE = YES;
				IPHONEOS_DEPLOYMENT_TARGET = 8.3;
				MTL_ENABLE_DEBUG_INFO = YES;
				ONLY_ACTIVE_ARCH = YES;
				SDKROOT = iphoneos;
				SWIFT_OPTIMIZATION_LEVEL = "-Onone";
			};
			name = Debug;
		};
		867776421B36FF6F003D9E05 /* Release */ = {
			isa = XCBuildConfiguration;
			buildSettings = {
				ALWAYS_SEARCH_USER_PATHS = NO;
				CLANG_CXX_LANGUAGE_STANDARD = "gnu++0x";
				CLANG_CXX_LIBRARY = "libc++";
				CLANG_ENABLE_MODULES = YES;
				CLANG_ENABLE_OBJC_ARC = YES;
				CLANG_WARN_BOOL_CONVERSION = YES;
				CLANG_WARN_CONSTANT_CONVERSION = YES;
				CLANG_WARN_DIRECT_OBJC_ISA_USAGE = YES_ERROR;
				CLANG_WARN_EMPTY_BODY = YES;
				CLANG_WARN_ENUM_CONVERSION = YES;
				CLANG_WARN_INT_CONVERSION = YES;
				CLANG_WARN_OBJC_ROOT_CLASS = YES_ERROR;
				CLANG_WARN_UNREACHABLE_CODE = YES;
				CLANG_WARN__DUPLICATE_METHOD_MATCH = YES;
				"CODE_SIGN_IDENTITY[sdk=iphoneos*]" = "iPhone Developer";
				COPY_PHASE_STRIP = NO;
				DEBUG_INFORMATION_FORMAT = "dwarf-with-dsym";
				ENABLE_NS_ASSERTIONS = NO;
				ENABLE_STRICT_OBJC_MSGSEND = YES;
				GCC_C_LANGUAGE_STANDARD = gnu99;
				GCC_NO_COMMON_BLOCKS = YES;
				GCC_WARN_64_TO_32_BIT_CONVERSION = YES;
				GCC_WARN_ABOUT_RETURN_TYPE = YES_ERROR;
				GCC_WARN_UNDECLARED_SELECTOR = YES;
				GCC_WARN_UNINITIALIZED_AUTOS = YES_AGGRESSIVE;
				GCC_WARN_UNUSED_FUNCTION = YES;
				GCC_WARN_UNUSED_VARIABLE = YES;
				IPHONEOS_DEPLOYMENT_TARGET = 8.3;
				MTL_ENABLE_DEBUG_INFO = NO;
				SDKROOT = iphoneos;
				VALIDATE_PRODUCT = YES;
			};
			name = Release;
		};
		867776441B36FF6F003D9E05 /* Debug */ = {
			isa = XCBuildConfiguration;
			buildSettings = {
				ASSETCATALOG_COMPILER_APPICON_NAME = AppIcon;
				INFOPLIST_FILE = MultiChat/Info.plist;
				LD_RUNPATH_SEARCH_PATHS = "$(inherited) @executable_path/Frameworks";
				PRODUCT_NAME = "$(TARGET_NAME)";
			};
			name = Debug;
		};
		867776451B36FF6F003D9E05 /* Release */ = {
			isa = XCBuildConfiguration;
			buildSettings = {
				ASSETCATALOG_COMPILER_APPICON_NAME = AppIcon;
				INFOPLIST_FILE = MultiChat/Info.plist;
				LD_RUNPATH_SEARCH_PATHS = "$(inherited) @executable_path/Frameworks";
				PRODUCT_NAME = "$(TARGET_NAME)";
			};
			name = Release;
		};
		867776471B36FF6F003D9E05 /* Debug */ = {
			isa = XCBuildConfiguration;
			buildSettings = {
				BUNDLE_LOADER = "$(TEST_HOST)";
				FRAMEWORK_SEARCH_PATHS = (
					"$(SDKROOT)/Developer/Library/Frameworks",
					"$(inherited)",
				);
				GCC_PREPROCESSOR_DEFINITIONS = (
					"DEBUG=1",
					"$(inherited)",
				);
				INFOPLIST_FILE = MultiChatTests/Info.plist;
				LD_RUNPATH_SEARCH_PATHS = "$(inherited) @executable_path/Frameworks @loader_path/Frameworks";
				PRODUCT_NAME = "$(TARGET_NAME)";
				TEST_HOST = "$(BUILT_PRODUCTS_DIR)/MultiChat.app/MultiChat";
			};
			name = Debug;
		};
		867776481B36FF6F003D9E05 /* Release */ = {
			isa = XCBuildConfiguration;
			buildSettings = {
				BUNDLE_LOADER = "$(TEST_HOST)";
				FRAMEWORK_SEARCH_PATHS = (
					"$(SDKROOT)/Developer/Library/Frameworks",
					"$(inherited)",
				);
				INFOPLIST_FILE = MultiChatTests/Info.plist;
				LD_RUNPATH_SEARCH_PATHS = "$(inherited) @executable_path/Frameworks @loader_path/Frameworks";
				PRODUCT_NAME = "$(TARGET_NAME)";
				TEST_HOST = "$(BUILT_PRODUCTS_DIR)/MultiChat.app/MultiChat";
			};
			name = Release;
		};
/* End XCBuildConfiguration section */

/* Begin XCConfigurationList section */
		8677761F1B36FF6F003D9E05 /* Build configuration list for PBXProject "MultiChat" */ = {
			isa = XCConfigurationList;
			buildConfigurations = (
				867776411B36FF6F003D9E05 /* Debug */,
				867776421B36FF6F003D9E05 /* Release */,
			);
			defaultConfigurationIsVisible = 0;
			defaultConfigurationName = Release;
		};
		867776431B36FF6F003D9E05 /* Build configuration list for PBXNativeTarget "MultiChat" */ = {
			isa = XCConfigurationList;
			buildConfigurations = (
				867776441B36FF6F003D9E05 /* Debug */,
				867776451B36FF6F003D9E05 /* Release */,
			);
			defaultConfigurationIsVisible = 0;
			defaultConfigurationName = Release;
		};
		867776461B36FF6F003D9E05 /* Build configuration list for PBXNativeTarget "MultiChatTests" */ = {
			isa = XCConfigurationList;
			buildConfigurations = (
				867776471B36FF6F003D9E05 /* Debug */,
				867776481B36FF6F003D9E05 /* Release */,
			);
			defaultConfigurationIsVisible = 0;
			defaultConfigurationName = Release;
		};
/* End XCConfigurationList section */
	};
	rootObject = 8677761C1B36FF6F003D9E05 /* Project object */;
}
